
Microsoft Visual Studio Solution File, Format Version 12.00
# Visual Studio 15
Project("{FAE04EC0-301F-11D3-BF4B-00C04F79EFBC}") = "Assembly-CSharp", "Assembly-CSharp.csproj", "{BDAF2451-6D0A-6FEB-DDFB-97EE6ACE80B9}"
EndProject
Project("{FAE04EC0-301F-11D3-BF4B-00C04F79EFBC}") = "Assembly-CSharp-Editor", "Assembly-CSharp-Editor.csproj", "{BAFEF3F7-34D7-7983-9007-A9DB283620BF}"
EndProject
Global
	GlobalSection(SolutionConfigurationPlatforms) = preSolution
		Debug|Any CPU = Debug|Any CPU
		Release|Any CPU = Release|Any CPU
	EndGlobalSection
	GlobalSection(ProjectConfigurationPlatforms) = postSolution
		{BDAF2451-6D0A-6FEB-DDFB-97EE6ACE80B9}.Debug|Any CPU.ActiveCfg = Debug|Any CPU
		{BDAF2451-6D0A-6FEB-DDFB-97EE6ACE80B9}.Debug|Any CPU.Build.0 = Debug|Any CPU
		{BDAF2451-6D0A-6FEB-DDFB-97EE6ACE80B9}.Release|Any CPU.ActiveCfg = Release|Any CPU
		{BDAF2451-6D0A-6FEB-DDFB-97EE6ACE80B9}.Release|Any CPU.Build.0 = Release|Any CPU
		{BAFEF3F7-34D7-7983-9007-A9DB283620BF}.Debug|Any CPU.ActiveCfg = Debug|Any CPU
		{BAFEF3F7-34D7-7983-9007-A9DB283620BF}.Debug|Any CPU.Build.0 = Debug|Any CPU
		{BAFEF3F7-34D7-7983-9007-A9DB283620BF}.Release|Any CPU.ActiveCfg = Release|Any CPU
		{BAFEF3F7-34D7-7983-9007-A9DB283620BF}.Release|Any CPU.Build.0 = Release|Any CPU
	EndGlobalSection
	GlobalSection(SolutionProperties) = preSolution
		HideSolutionNode = FALSE
	EndGlobalSection
EndGlobal
